<?xml version="1.0" encoding="utf-8"?>
<Project ToolsVersion="4.0" xmlns="http://schemas.microsoft.com/developer/msbuild/2003">
  <ItemGroup>
    <Filter Include="源文件">
      <UniqueIdentifier>{4FC737F1-C7A5-4376-A066-2A32D752A2FF}</UniqueIdentifier>
      <Extensions>cpp;c;cc;cxx;def;odl;idl;hpj;bat;asm;asmx</Extensions>
    </Filter>
    <Filter Include="头文件">
      <UniqueIdentifier>{93995380-89BD-4b04-88EB-625FBE52EBFB}</UniqueIdentifier>
      <Extensions>h;hpp;hxx;hm;inl;inc;xsd</Extensions>
    </Filter>
    <Filter Include="资源文件">
      <UniqueIdentifier>{67DA6AB6-F800-4c08-8B7A-83BB121AAD01}</UniqueIdentifier>
      <Extensions>rc;ico;cur;bmp;dlg;rc2;rct;bin;rgs;gif;jpg;jpeg;jpe;resx;tiff;tif;png;wav;mfcribbon-ms</Extensions>
    </Filter>
  </ItemGroup>
  <ItemGroup>
    <ClCompile Include="Control\UIActiveX.cpp">
      <Filter>源文件</Filter>
    </ClCompile>
    <ClCompile Include="Control\UICombo.cpp">
      <Filter>源文件</Filter>
    </ClCompile>
    <ClCompile Include="Control\UICommonControls.cpp">
      <Filter>源文件</Filter>
    </ClCompile>
    <ClCompile Include="Control\UIList.cpp">
      <Filter>源文件</Filter>
    </ClCompile>
    <ClCompile Include="Control\UIRichEdit.cpp">
      <Filter>源文件</Filter>
    </ClCompile>
    <ClCompile Include="Core\UIBase.cpp">
      <Filter>源文件</Filter>
    </ClCompile>
    <ClCompile Include="Core\UIContainer.cpp">
      <Filter>源文件</Filter>
    </ClCompile>
    <ClCompile Include="Core\UIControl.cpp">
      <Filter>源文件</Filter>
    </ClCompile>
    <ClCompile Include="Core\UIManager.cpp">
      <Filter>源文件</Filter>
    </ClCompile>
    <ClCompile Include="Core\UIMarkup.cpp">
      <Filter>源文件</Filter>
    </ClCompile>
    <ClCompile Include="Core\UIRender.cpp">
      <Filter>源文件</Filter>
    </ClCompile>
    <ClCompile Include="Utils\UIDlgBuilder.cpp">
      <Filter>源文件</Filter>
    </ClCompile>
    <ClCompile Include="Utils\XUnzip.cpp">
      <Filter>源文件</Filter>
    </ClCompile>
    <ClCompile Include="Utils\stb_image.c">
      <Filter>源文件</Filter>
    </ClCompile>
    <ClCompile Include="StdAfx.cpp">
      <Filter>源文件</Filter>
    </ClCompile>
    <ClCompile Include="Core\UIDelegate.cpp">
      <Filter>源文件</Filter>
    </ClCompile>
    <ClCompile Include="Core\UIRef.cpp">
      <Filter>源文件</Filter>
    </ClCompile>
    <ClCompile Include="Control\UIWinWnd.cpp">
      <Filter>源文件</Filter>
    </ClCompile>
    <ClCompile Include="Utils\UIWinUtils.cpp">
      <Filter>源文件</Filter>
    </ClCompile>
    <ClCompile Include="Control\UIWebView.cpp">
      <Filter>源文件</Filter>
    </ClCompile>
    <ClCompile Include="LibUI.cpp">
      <Filter>源文件</Filter>
    </ClCompile>
  </ItemGroup>
  <ItemGroup>
    <ClInclude Include="Control\UIActiveX.h">
      <Filter>头文件</Filter>
    </ClInclude>
    <ClInclude Include="Control\UICombo.h">
      <Filter>头文件</Filter>
    </ClInclude>
    <ClInclude Include="Control\UICommonControls.h">
      <Filter>头文件</Filter>
    </ClInclude>
    <ClInclude Include="Control\UIList.h">
      <Filter>头文件</Filter>
    </ClInclude>
    <ClInclude Include="Control\UIRichEdit.h">
      <Filter>头文件</Filter>
    </ClInclude>
    <ClInclude Include="Core\UIBase.h">
      <Filter>头文件</Filter>
    </ClInclude>
    <ClInclude Include="Core\UIContainer.h">
      <Filter>头文件</Filter>
    </ClInclude>
    <ClInclude Include="Core\UIControl.h">
      <Filter>头文件</Filter>
    </ClInclude>
    <ClInclude Include="Core\UIManager.h">
      <Filter>头文件</Filter>
    </ClInclude>
    <ClInclude Include="Core\UIMarkup.h">
      <Filter>头文件</Filter>
    </ClInclude>
    <ClInclude Include="Core\UIRender.h">
      <Filter>头文件</Filter>
    </ClInclude>
    <ClInclude Include="Utils\UIDlgBuilder.h">
      <Filter>头文件</Filter>
    </ClInclude>
    <ClInclude Include="StdAfx.h">
      <Filter>头文件</Filter>
    </ClInclude>
    <ClInclude Include="Core\UIDelegate.h">
      <Filter>头文件</Filter>
    </ClInclude>
    <ClInclude Include="Core\UIRef.h">
      <Filter>头文件</Filter>
    </ClInclude>
    <ClInclude Include="Control\UIWinWnd.h">
      <Filter>头文件</Filter>
    </ClInclude>
    <ClInclude Include="Utils\UIWinUtils.h">
      <Filter>头文件</Filter>
    </ClInclude>
    <ClInclude Include="Core\UIDef.h">
      <Filter>头文件</Filter>
    </ClInclude>
    <ClInclude Include="Control\UIWebView.h">
      <Filter>头文件</Filter>
    </ClInclude>
    <ClInclude Include="LibUI.h">
      <Filter>头文件</Filter>
    </ClInclude>
  </ItemGroup>
</Project>